
Microsoft Visual Studio Solution File, Format Version 12.00
# Visual Studio Version 17
VisualStudioVersion = 17.14.36414.22 d17.14
MinimumVisualStudioVersion = 10.0.40219.1
Project("{FAE04EC0-301F-11D3-BF4B-00C04F79EFBC}") = "Valuta beräknare", "Valuta beräknare\Valuta beräknare.csproj", "{5DB81B45-9691-4F04-A2C8-2C0B6911B16A}"
EndProject
Global
	GlobalSection(SolutionConfigurationPlatforms) = preSolution
		Debug|Any CPU = Debug|Any CPU
		Release|Any CPU = Release|Any CPU
	EndGlobalSection
	GlobalSection(ProjectConfigurationPlatforms) = postSolution
		{5DB81B45-9691-4F04-A2C8-2C0B6911B16A}.Debug|Any CPU.ActiveCfg = Debug|Any CPU
		{5DB81B45-9691-4F04-A2C8-2C0B6911B16A}.Debug|Any CPU.Build.0 = Debug|Any CPU
		{5DB81B45-9691-4F04-A2C8-2C0B6911B16A}.Release|Any CPU.ActiveCfg = Release|Any CPU
		{5DB81B45-9691-4F04-A2C8-2C0B6911B16A}.Release|Any CPU.Build.0 = Release|Any CPU
	EndGlobalSection
	GlobalSection(SolutionProperties) = preSolution
		HideSolutionNode = FALSE
	EndGlobalSection
	GlobalSection(ExtensibilityGlobals) = postSolution
		SolutionGuid = {FCE220AD-F4AB-44E4-B386-6097C6308F8A}
	EndGlobalSection
EndGlobal
